Microsoft Visual Studio Solution File, Format Version 12.00
# Visual Studio Version 17
VisualStudioVersion = 17.5.2.0
MinimumVisualStudioVersion = 10.0.40219.1
Project("{FAE04EC0-301F-11D3-BF4B-00C04F79EFBC}") = "16.Debugging", "16.Debugging.csproj", "{59B064E2-14AC-765A-3898-018E3327B66F}"
EndProject
Global
	GlobalSection(SolutionConfigurationPlatforms) = preSolution
		Debug|Any CPU = Debug|Any CPU
		Release|Any CPU = Release|Any CPU
	EndGlobalSection
	GlobalSection(ProjectConfigurationPlatforms) = postSolution
		{59B064E2-14AC-765A-3898-018E3327B66F}.Debug|Any CPU.ActiveCfg = Debug|Any CPU
		{59B064E2-14AC-765A-3898-018E3327B66F}.Debug|Any CPU.Build.0 = Debug|Any CPU
		{59B064E2-14AC-765A-3898-018E3327B66F}.Release|Any CPU.ActiveCfg = Release|Any CPU
		{59B064E2-14AC-765A-3898-018E3327B66F}.Release|Any CPU.Build.0 = Release|Any CPU
	EndGlobalSection
	GlobalSection(SolutionProperties) = preSolution
		HideSolutionNode = FALSE
	EndGlobalSection
	GlobalSection(ExtensibilityGlobals) = postSolution
		SolutionGuid = {A901545E-9D4F-467D-A98C-30B1514D734E}
	EndGlobalSection
EndGlobal
